// !$*UTF8*$!
{
	archiveVersion = 1;
	classes = {
	};
	objectVersion = 56;
	objects = {

/* Begin PBXBuildFile section */
		B714FF8B2EEF0B3800EFC25C /* recetas_favoritas_iosApp.swift in Sources */ = {isa = PBXBuildFile; fileRef = B714FF8A2EEF0B3800EFC25C /* recetas_favoritas_iosApp.swift */; };
		B714FF8D2EEF0B3800EFC25C /* ContentView.swift in Sources */ = {isa = PBXBuildFile; fileRef = B714FF8C2EEF0B3800EFC25C /* ContentView.swift */; };
		B714FF8F2EEF0B3A00EFC25C /* Assets.xcassets in Resources */ = {isa = PBXBuildFile; fileRef = B714FF8E2EEF0B3A00EFC25C /* Assets.xcassets */; };
		B714FF922EEF0B3A00EFC25C /* Preview Assets.xcassets in Resources */ = {isa = PBXBuildFile; fileRef = B714FF912EEF0B3A00EFC25C /* Preview Assets.xcassets */; };
		B714FF992EEF0C7300EFC25C /* GoogleService-Info.plist in Resources */ = {isa = PBXBuildFile; fileRef = B714FF982EEF0C7300EFC25C /* GoogleService-Info.plist */; };
		B714FF9C2EEF0E5900EFC25C /* FirebaseFirestore in Frameworks */ = {isa = PBXBuildFile; productRef = B714FF9B2EEF0E5900EFC25C /* FirebaseFirestore */; };
		B714FFA02EEF136D00EFC25C /* RecetaFavorita.swift in Sources */ = {isa = PBXBuildFile; fileRef = B714FF9F2EEF136D00EFC25C /* RecetaFavorita.swift */; };
		B714FFA22EEF14D100EFC25C /* FirebaseService.swift in Sources */ = {isa = PBXBuildFile; fileRef = B714FFA12EEF14D100EFC25C /* FirebaseService.swift */; };
		B714FFA42EEF21AD00EFC25C /* Meal.swift in Sources */ = {isa = PBXBuildFile; fileRef = B714FFA32EEF21AD00EFC25C /* Meal.swift */; };
		B714FFA62EEF227E00EFC25C /* MealService.swift in Sources */ = {isa = PBXBuildFile; fileRef = B714FFA52EEF227E00EFC25C /* MealService.swift */; };
		B714FFA82EEF248C00EFC25C /* ViewState.swift in Sources */ = {isa = PBXBuildFile; fileRef = B714FFA72EEF248C00EFC25C /* ViewState.swift */; };
		B714FFAA2EEF24E000EFC25C /* ExplorarView.swift in Sources */ = {isa = PBXBuildFile; fileRef = B714FFA92EEF24E000EFC25C /* ExplorarView.swift */; };
		B7720D452EF4F632004388AD /* FavoritosView.swift in Sources */ = {isa = PBXBuildFile; fileRef = B7720D442EF4F632004388AD /* FavoritosView.swift */; };
		B79D8B282EF4FB7A00689B26 /* DetalleRecetaView.swift in Sources */ = {isa = PBXBuildFile; fileRef = B79D8B272EF4FB7A00689B26 /* DetalleRecetaView.swift */; };
		B7B99BA02EF862D0003537F0 /* AuthService.swift in Sources */ = {isa = PBXBuildFile; fileRef = B7B99B9F2EF862D0003537F0 /* AuthService.swift */; };
		B7B99BA62EF86363003537F0 /* FirebaseAuth in Frameworks */ = {isa = PBXBuildFile; productRef = B7B99BA52EF86363003537F0 /* FirebaseAuth */; };
		B7B99BA82EF864F7003537F0 /* LoginView.swift in Sources */ = {isa = PBXBuildFile; fileRef = B7B99BA72EF864F7003537F0 /* LoginView.swift */; };
		B7B99BAA2EF86A02003537F0 /* PerfilView.swift in Sources */ = {isa = PBXBuildFile; fileRef = B7B99BA92EF86A02003537F0 /* PerfilView.swift */; };
/* End PBXBuildFile section */

/* Begin PBXFileReference section */
		B714FF872EEF0B3800EFC25C /* recetas-favoritas-ios.app */ = {isa = PBXFileReference; explicitFileType = wrapper.application; includeInIndex = 0; path = "recetas-favoritas-ios.app"; sourceTree = BUILT_PRODUCTS_DIR; };
		B714FF8A2EEF0B3800EFC25C /* recetas_favoritas_iosApp.swift */ = {isa = PBXFileReference; lastKnownFileType = sourcecode.swift; path = recetas_favoritas_iosApp.swift; sourceTree = "<group>"; };
		B714FF8C2EEF0B3800EFC25C /* ContentView.swift */ = {isa = PBXFileReference; lastKnownFileType = sourcecode.swift; path = ContentView.swift; sourceTree = "<group>"; };
		B714FF8E2EEF0B3A00EFC25C /* Assets.xcassets */ = {isa = PBXFileReference; lastKnownFileType = folder.assetcatalog; path = Assets.xcassets; sourceTree = "<group>"; };
		B714FF912EEF0B3A00EFC25C /* Preview Assets.xcassets */ = {isa = PBXFileReference; lastKnownFileType = folder.assetcatalog; path = "Preview Assets.xcassets"; sourceTree = "<group>"; };
		B714FF982EEF0C7300EFC25C /* GoogleService-Info.plist */ = {isa = PBXFileReference; fileEncoding = 4; lastKnownFileType = text.plist.xml; path = "GoogleService-Info.plist"; sourceTree = "<group>"; };
		B714FF9F2EEF136D00EFC25C /* RecetaFavorita.swift */ = {isa = PBXFileReference; lastKnownFileType = sourcecode.swift; path = RecetaFavorita.swift; sourceTree = "<group>"; };
		B714FFA12EEF14D100EFC25C /* FirebaseService.swift */ = {isa = PBXFileReference; lastKnownFileType = sourcecode.swift; path = FirebaseService.swift; sourceTree = "<group>"; };
		B714FFA32EEF21AD00EFC25C /* Meal.swift */ = {isa = PBXFileReference; lastKnownFileType = sourcecode.swift; path = Meal.swift; sourceTree = "<group>"; };
		B714FFA52EEF227E00EFC25C /* MealService.swift */ = {isa = PBXFileReference; lastKnownFileType = sourcecode.swift; path = MealService.swift; sourceTree = "<group>"; };
		B714FFA72EEF248C00EFC25C /* ViewState.swift */ = {isa = PBXFileReference; lastKnownFileType = sourcecode.swift; path = ViewState.swift; sourceTree = "<group>"; };
		B714FFA92EEF24E000EFC25C /* ExplorarView.swift */ = {isa = PBXFileReference; lastKnownFileType = sourcecode.swift; path = ExplorarView.swift; sourceTree = "<group>"; };
		B7720D442EF4F632004388AD /* FavoritosView.swift */ = {isa = PBXFileReference; lastKnownFileType = sourcecode.swift; path = FavoritosView.swift; sourceTree = "<group>"; };
		B79D8B272EF4FB7A00689B26 /* DetalleRecetaView.swift */ = {isa = PBXFileReference; lastKnownFileType = sourcecode.swift; path = DetalleRecetaView.swift; sourceTree = "<group>"; };
		B7B99B9F2EF862D0003537F0 /* AuthService.swift */ = {isa = PBXFileReference; lastKnownFileType = sourcecode.swift; path = AuthService.swift; sourceTree = "<group>"; };
		B7B99BA12EF8634D003537F0 /* Info.plist */ = {isa = PBXFileReference; lastKnownFileType = text.plist; path = Info.plist; sourceTree = "<group>"; };
		B7B99BA72EF864F7003537F0 /* LoginView.swift */ = {isa = PBXFileReference; lastKnownFileType = sourcecode.swift; path = LoginView.swift; sourceTree = "<group>"; };
		B7B99BA92EF86A02003537F0 /* PerfilView.swift */ = {isa = PBXFileReference; lastKnownFileType = sourcecode.swift; path = PerfilView.swift; sourceTree = "<group>"; };
/* End PBXFileReference section */

/* Begin PBXFrameworksBuildPhase section */
		B714FF842EEF0B3800EFC25C /* Frameworks */ = {
			isa = PBXFrameworksBuildPhase;
			buildActionMask = 2147483647;
			files = (
				B714FF9C2EEF0E5900EFC25C /* FirebaseFirestore in Frameworks */,
				B7B99BA62EF86363003537F0 /* FirebaseAuth in Frameworks */,
			);
			runOnlyForDeploymentPostprocessing = 0;
		};
/* End PBXFrameworksBuildPhase section */

/* Begin PBXGroup section */
		B714FF7E2EEF0B3800EFC25C = {
			isa = PBXGroup;
			children = (
				B714FF892EEF0B3800EFC25C /* recetas-favoritas-ios */,
				B714FF882EEF0B3800EFC25C /* Products */,
				B7B99BA22EF8635A003537F0 /* Frameworks */,
			);
			sourceTree = "<group>";
		};
		B714FF882EEF0B3800EFC25C /* Products */ = {
			isa = PBXGroup;
			children = (
				B714FF872EEF0B3800EFC25C /* recetas-favoritas-ios.app */,
			);
			name = Products;
			sourceTree = "<group>";
		};
		B714FF892EEF0B3800EFC25C /* recetas-favoritas-ios */ = {
			isa = PBXGroup;
			children = (
				B7B99BA12EF8634D003537F0 /* Info.plist */,
				B714FF9E2EEF130500EFC25C /* Services */,
				B714FF9D2EEF12F500EFC25C /* Models */,
				B714FF8A2EEF0B3800EFC25C /* recetas_favoritas_iosApp.swift */,
				B714FF982EEF0C7300EFC25C /* GoogleService-Info.plist */,
				B714FF8C2EEF0B3800EFC25C /* ContentView.swift */,
				B714FF8E2EEF0B3A00EFC25C /* Assets.xcassets */,
				B714FF902EEF0B3A00EFC25C /* Preview Content */,
				B714FFA92EEF24E000EFC25C /* ExplorarView.swift */,
				B7720D442EF4F632004388AD /* FavoritosView.swift */,
				B79D8B272EF4FB7A00689B26 /* DetalleRecetaView.swift */,
				B7B99BA72EF864F7003537F0 /* LoginView.swift */,
				B7B99BA92EF86A02003537F0 /* PerfilView.swift */,
			);
			path = "recetas-favoritas-ios";
			sourceTree = "<group>";
		};
		B714FF902EEF0B3A00EFC25C /* Preview Content */ = {
			isa = PBXGroup;
			children = (
				B714FF912EEF0B3A00EFC25C /* Preview Assets.xcassets */,
			);
			path = "Preview Content";
			sourceTree = "<group>";
		};
		B714FF9D2EEF12F500EFC25C /* Models */ = {
			isa = PBXGroup;
			children = (
				B714FF9F2EEF136D00EFC25C /* RecetaFavorita.swift */,
				B714FFA32EEF21AD00EFC25C /* Meal.swift */,
				B714FFA72EEF248C00EFC25C /* ViewState.swift */,
			);
			path = Models;
			sourceTree = "<group>";
		};
		B714FF9E2EEF130500EFC25C /* Services */ = {
			isa = PBXGroup;
			children = (
				B714FFA12EEF14D100EFC25C /* FirebaseService.swift */,
				B714FFA52EEF227E00EFC25C /* MealService.swift */,
				B7B99B9F2EF862D0003537F0 /* AuthService.swift */,
			);
			path = Services;
			sourceTree = "<group>";
		};
		B7B99BA22EF8635A003537F0 /* Frameworks */ = {
			isa = PBXGroup;
			children = (
			);
			name = Frameworks;
			sourceTree = "<group>";
		};
/* End PBXGroup section */

/* Begin PBXNativeTarget section */
		B714FF862EEF0B3800EFC25C /* recetas-favoritas-ios */ = {
			isa = PBXNativeTarget;
			buildConfigurationList = B714FF952EEF0B3A00EFC25C /* Build configuration list for PBXNativeTarget "recetas-favoritas-ios" */;
			buildPhases = (
				B714FF832EEF0B3800EFC25C /* Sources */,
				B714FF842EEF0B3800EFC25C /* Frameworks */,
				B714FF852EEF0B3800EFC25C /* Resources */,
			);
			buildRules = (
			);
			dependencies = (
			);
			name = "recetas-favoritas-ios";
			packageProductDependencies = (
				B714FF9B2EEF0E5900EFC25C /* FirebaseFirestore */,
				B7B99BA52EF86363003537F0 /* FirebaseAuth */,
			);
			productName = "recetas-favoritas-ios";
			productReference = B714FF872EEF0B3800EFC25C /* recetas-favoritas-ios.app */;
			productType = "com.apple.product-type.application";
		};
/* End PBXNativeTarget section */

/* Begin PBXProject section */
		B714FF7F2EEF0B3800EFC25C /* Project object */ = {
			isa = PBXProject;
			attributes = {
				BuildIndependentTargetsInParallel = 1;
				LastSwiftUpdateCheck = 1420;
				LastUpgradeCheck = 1420;
				TargetAttributes = {
					B714FF862EEF0B3800EFC25C = {
						CreatedOnToolsVersion = 14.2;
					};
				};
			};
			buildConfigurationList = B714FF822EEF0B3800EFC25C /* Build configuration list for PBXProject "recetas-favoritas-ios" */;
			compatibilityVersion = "Xcode 14.0";
			developmentRegion = en;
			hasScannedForEncodings = 0;
			knownRegions = (
				en,
				Base,
			);
			mainGroup = B714FF7E2EEF0B3800EFC25C;
			packageReferences = (
				B714FF9A2EEF0E5900EFC25C /* XCRemoteSwiftPackageReference "firebase-ios-sdk" */,
			);
			productRefGroup = B714FF882EEF0B3800EFC25C /* Products */;
			projectDirPath = "";
			projectRoot = "";
			targets = (
				B714FF862EEF0B3800EFC25C /* recetas-favoritas-ios */,
			);
		};
/* End PBXProject section */

/* Begin PBXResourcesBuildPhase section */
		B714FF852EEF0B3800EFC25C /* Resources */ = {
			isa = PBXResourcesBuildPhase;
			buildActionMask = 2147483647;
			files = (
				B714FF922EEF0B3A00EFC25C /* Preview Assets.xcassets in Resources */,
				B714FF8F2EEF0B3A00EFC25C /* Assets.xcassets in Resources */,
				B714FF992EEF0C7300EFC25C /* GoogleService-Info.plist in Resources */,
			);
			runOnlyForDeploymentPostprocessing = 0;
		};
/* End PBXResourcesBuildPhase section */

/* Begin PBXSourcesBuildPhase section */
		B714FF832EEF0B3800EFC25C /* Sources */ = {
			isa = PBXSourcesBuildPhase;
			buildActionMask = 2147483647;
			files = (
				B714FFA42EEF21AD00EFC25C /* Meal.swift in Sources */,
				B714FFA82EEF248C00EFC25C /* ViewState.swift in Sources */,
				B79D8B282EF4FB7A00689B26 /* DetalleRecetaView.swift in Sources */,
				B7B99BAA2EF86A02003537F0 /* PerfilView.swift in Sources */,
				B714FF8D2EEF0B3800EFC25C /* ContentView.swift in Sources */,
				B714FFA62EEF227E00EFC25C /* MealService.swift in Sources */,
				B7B99BA02EF862D0003537F0 /* AuthService.swift in Sources */,
				B7B99BA82EF864F7003537F0 /* LoginView.swift in Sources */,
				B714FF8B2EEF0B3800EFC25C /* recetas_favoritas_iosApp.swift in Sources */,
				B714FFAA2EEF24E000EFC25C /* ExplorarView.swift in Sources */,
				B7720D452EF4F632004388AD /* FavoritosView.swift in Sources */,
				B714FFA22EEF14D100EFC25C /* FirebaseService.swift in Sources */,
				B714FFA02EEF136D00EFC25C /* RecetaFavorita.swift in Sources */,
			);
			runOnlyForDeploymentPostprocessing = 0;
		};
/* End PBXSourcesBuildPhase section */

/* Begin XCBuildConfiguration section */
		B714FF932EEF0B3A00EFC25C /* Debug */ = {
			isa = XCBuildConfiguration;
			buildSettings = {
				ALWAYS_SEARCH_USER_PATHS = NO;
				CLANG_ANALYZER_NONNULL = YES;
				CLANG_ANALYZER_NUMBER_OBJECT_CONVERSION = YES_AGGRESSIVE;
				CLANG_CXX_LANGUAGE_STANDARD = "gnu++20";
				CLANG_ENABLE_MODULES = YES;
				CLANG_ENABLE_OBJC_ARC = YES;
				CLANG_ENABLE_OBJC_WEAK = YES;
				CLANG_WARN_BLOCK_CAPTURE_AUTORELEASING = YES;
				CLANG_WARN_BOOL_CONVERSION = YES;
				CLANG_WARN_COMMA = YES;
				CLANG_WARN_CONSTANT_CONVERSION = YES;
				CLANG_WARN_DEPRECATED_OBJC_IMPLEMENTATIONS = YES;
				CLANG_WARN_DIRECT_OBJC_ISA_USAGE = YES_ERROR;
				CLANG_WARN_DOCUMENTATION_COMMENTS = YES;
				CLANG_WARN_EMPTY_BODY = YES;
				CLANG_WARN_ENUM_CONVERSION = YES;
				CLANG_WARN_INFINITE_RECURSION = YES;
				CLANG_WARN_INT_CONVERSION = YES;
				CLANG_WARN_NON_LITERAL_NULL_CONVERSION = YES;
				CLANG_WARN_OBJC_IMPLICIT_RETAIN_SELF = YES;
				CLANG_WARN_OBJC_LITERAL_CONVERSION = YES;
				CLANG_WARN_OBJC_ROOT_CLASS = YES_ERROR;
				CLANG_WARN_QUOTED_INCLUDE_IN_FRAMEWORK_HEADER = YES;
				CLANG_WARN_RANGE_LOOP_ANALYSIS = YES;
				CLANG_WARN_STRICT_PROTOTYPES = YES;
				CLANG_WARN_SUSPICIOUS_MOVE = YES;
				CLANG_WARN_UNGUARDED_AVAILABILITY = YES_AGGRESSIVE;
				CLANG_WARN_UNREACHABLE_CODE = YES;
				CLANG_WARN__DUPLICATE_METHOD_MATCH = YES;
				COPY_PHASE_STRIP = NO;
				DEBUG_INFORMATION_FORMAT = dwarf;
				ENABLE_STRICT_OBJC_MSGSEND = YES;
				ENABLE_TESTABILITY = YES;
				GCC_C_LANGUAGE_STANDARD = gnu11;
				GCC_DYNAMIC_NO_PIC = NO;
				GCC_NO_COMMON_BLOCKS = YES;
				GCC_OPTIMIZATION_LEVEL = 0;
				GCC_PREPROCESSOR_DEFINITIONS = (
					"DEBUG=1",
					"$(inherited)",
				);
				GCC_WARN_64_TO_32_BIT_CONVERSION = YES;
				GCC_WARN_ABOUT_RETURN_TYPE = YES_ERROR;
				GCC_WARN_UNDECLARED_SELECTOR = YES;
				GCC_WARN_UNINITIALIZED_AUTOS = YES_AGGRESSIVE;
				GCC_WARN_UNUSED_FUNCTION = YES;
				GCC_WARN_UNUSED_VARIABLE = YES;
				IPHONEOS_DEPLOYMENT_TARGET = 16.2;
				MTL_ENABLE_DEBUG_INFO = INCLUDE_SOURCE;
				MTL_FAST_MATH = YES;
				ONLY_ACTIVE_ARCH = YES;
				SDKROOT = iphoneos;
				SWIFT_ACTIVE_COMPILATION_CONDITIONS = DEBUG;
				SWIFT_OPTIMIZATION_LEVEL = "-Onone";
			};
			name = Debug;
		};
		B714FF942EEF0B3A00EFC25C /* Release */ = {
			isa = XCBuildConfiguration;
			buildSettings = {
				ALWAYS_SEARCH_USER_PATHS = NO;
				CLANG_ANALYZER_NONNULL = YES;
				CLANG_ANALYZER_NUMBER_OBJECT_CONVERSION = YES_AGGRESSIVE;
				CLANG_CXX_LANGUAGE_STANDARD = "gnu++20";
				CLANG_ENABLE_MODULES = YES;
				CLANG_ENABLE_OBJC_ARC = YES;
				CLANG_ENABLE_OBJC_WEAK = YES;
				CLANG_WARN_BLOCK_CAPTURE_AUTORELEASING = YES;
				CLANG_WARN_BOOL_CONVERSION = YES;
				CLANG_WARN_COMMA = YES;
				CLANG_WARN_CONSTANT_CONVERSION = YES;
				CLANG_WARN_DEPRECATED_OBJC_IMPLEMENTATIONS = YES;
				CLANG_WARN_DIRECT_OBJC_ISA_USAGE = YES_ERROR;
				CLANG_WARN_DOCUMENTATION_COMMENTS = YES;
				CLANG_WARN_EMPTY_BODY = YES;
				CLANG_WARN_ENUM_CONVERSION = YES;
				CLANG_WARN_INFINITE_RECURSION = YES;
				CLANG_WARN_INT_CONVERSION = YES;
				CLANG_WARN_NON_LITERAL_NULL_CONVERSION = YES;
				CLANG_WARN_OBJC_IMPLICIT_RETAIN_SELF = YES;
				CLANG_WARN_OBJC_LITERAL_CONVERSION = YES;
				CLANG_WARN_OBJC_ROOT_CLASS = YES_ERROR;
				CLANG_WARN_QUOTED_INCLUDE_IN_FRAMEWORK_HEADER = YES;
				CLANG_WARN_RANGE_LOOP_ANALYSIS = YES;
				CLANG_WARN_STRICT_PROTOTYPES = YES;
				CLANG_WARN_SUSPICIOUS_MOVE = YES;
				CLANG_WARN_UNGUARDED_AVAILABILITY = YES_AGGRESSIVE;
				CLANG_WARN_UNREACHABLE_CODE = YES;
				CLANG_WARN__DUPLICATE_METHOD_MATCH = YES;
				COPY_PHASE_STRIP = NO;
				DEBUG_INFORMATION_FORMAT = "dwarf-with-dsym";
				ENABLE_NS_ASSERTIONS = NO;
				ENABLE_STRICT_OBJC_MSGSEND = YES;
				GCC_C_LANGUAGE_STANDARD = gnu11;
				GCC_NO_COMMON_BLOCKS = YES;
				GCC_WARN_64_TO_32_BIT_CONVERSION = YES;
				GCC_WARN_ABOUT_RETURN_TYPE = YES_ERROR;
				GCC_WARN_UNDECLARED_SELECTOR = YES;
				GCC_WARN_UNINITIALIZED_AUTOS = YES_AGGRESSIVE;
				GCC_WARN_UNUSED_FUNCTION = YES;
				GCC_WARN_UNUSED_VARIABLE = YES;
				IPHONEOS_DEPLOYMENT_TARGET = 16.2;
				MTL_ENABLE_DEBUG_INFO = NO;
				MTL_FAST_MATH = YES;
				SDKROOT = iphoneos;
				SWIFT_COMPILATION_MODE = wholemodule;
				SWIFT_OPTIMIZATION_LEVEL = "-O";
				VALIDATE_PRODUCT = YES;
			};
			name = Release;
		};
		B714FF962EEF0B3A00EFC25C /* Debug */ = {
			isa = XCBuildConfiguration;
			buildSettings = {
				ASSETCATALOG_COMPILER_APPICON_NAME = AppIcon;
				ASSETCATALOG_COMPILER_GLOBAL_ACCENT_COLOR_NAME = AccentColor;
				CODE_SIGN_STYLE = Automatic;
				CURRENT_PROJECT_VERSION = 1;
				DEVELOPMENT_ASSET_PATHS = "\"recetas-favoritas-ios/Preview Content\"";
				ENABLE_PREVIEWS = YES;
				GENERATE_INFOPLIST_FILE = YES;
				INFOPLIST_FILE = "recetas-favoritas-ios/Info.plist";
				INFOPLIST_KEY_UIApplicationSceneManifest_Generation = YES;
				INFOPLIST_KEY_UIApplicationSupportsIndirectInputEvents = YES;
				INFOPLIST_KEY_UILaunchScreen_Generation = YES;
				INFOPLIST_KEY_UISupportedInterfaceOrientations_iPad = "UIInterfaceOrientationPortrait UIInterfaceOrientationPortraitUpsideDown UIInterfaceOrientationLandscapeLeft UIInterfaceOrientationLandscapeRight";
				INFOPLIST_KEY_UISupportedInterfaceOrientations_iPhone = "UIInterfaceOrientationPortrait UIInterfaceOrientationLandscapeLeft UIInterfaceOrientationLandscapeRight";
				LD_RUNPATH_SEARCH_PATHS = (
					"$(inherited)",
					"@executable_path/Frameworks",
				);
				MARKETING_VERSION = 1.0;
				PRODUCT_BUNDLE_IDENTIFIER = "edu.pe.cibertec.recetas-favoritas-ios";
				PRODUCT_NAME = "$(TARGET_NAME)";
				SWIFT_EMIT_LOC_STRINGS = YES;
				SWIFT_VERSION = 5.0;
				TARGETED_DEVICE_FAMILY = "1,2";
			};
			name = Debug;
		};
		B714FF972EEF0B3A00EFC25C /* Release */ = {
			isa = XCBuildConfiguration;
			buildSettings = {
				ASSETCATALOG_COMPILER_APPICON_NAME = AppIcon;
				ASSETCATALOG_COMPILER_GLOBAL_ACCENT_COLOR_NAME = AccentColor;
				CODE_SIGN_STYLE = Automatic;
				CURRENT_PROJECT_VERSION = 1;
				DEVELOPMENT_ASSET_PATHS = "\"recetas-favoritas-ios/Preview Content\"";
				ENABLE_PREVIEWS = YES;
				GENERATE_INFOPLIST_FILE = YES;
				INFOPLIST_FILE = "recetas-favoritas-ios/Info.plist";
				INFOPLIST_KEY_UIApplicationSceneManifest_Generation = YES;
				INFOPLIST_KEY_UIApplicationSupportsIndirectInputEvents = YES;
				INFOPLIST_KEY_UILaunchScreen_Generation = YES;
				INFOPLIST_KEY_UISupportedInterfaceOrientations_iPad = "UIInterfaceOrientationPortrait UIInterfaceOrientationPortraitUpsideDown UIInterfaceOrientationLandscapeLeft UIInterfaceOrientationLandscapeRight";
				INFOPLIST_KEY_UISupportedInterfaceOrientations_iPhone = "UIInterfaceOrientationPortrait UIInterfaceOrientationLandscapeLeft UIInterfaceOrientationLandscapeRight";
				LD_RUNPATH_SEARCH_PATHS = (
					"$(inherited)",
					"@executable_path/Frameworks",
				);
				MARKETING_VERSION = 1.0;
				PRODUCT_BUNDLE_IDENTIFIER = "edu.pe.cibertec.recetas-favoritas-ios";
				PRODUCT_NAME = "$(TARGET_NAME)";
				SWIFT_EMIT_LOC_STRINGS = YES;
				SWIFT_VERSION = 5.0;
				TARGETED_DEVICE_FAMILY = "1,2";
			};
			name = Release;
		};
/* End XCBuildConfiguration section */

/* Begin XCConfigurationList section */
		B714FF822EEF0B3800EFC25C /* Build configuration list for PBXProject "recetas-favoritas-ios" */ = {
			isa = XCConfigurationList;
			buildConfigurations = (
				B714FF932EEF0B3A00EFC25C /* Debug */,
				B714FF942EEF0B3A00EFC25C /* Release */,
			);
			defaultConfigurationIsVisible = 0;
			defaultConfigurationName = Release;
		};
		B714FF952EEF0B3A00EFC25C /* Build configuration list for PBXNativeTarget "recetas-favoritas-ios" */ = {
			isa = XCConfigurationList;
			buildConfigurations = (
				B714FF962EEF0B3A00EFC25C /* Debug */,
				B714FF972EEF0B3A00EFC25C /* Release */,
			);
			defaultConfigurationIsVisible = 0;
			defaultConfigurationName = Release;
		};
/* End XCConfigurationList section */

/* Begin XCRemoteSwiftPackageReference section */
		B714FF9A2EEF0E5900EFC25C /* XCRemoteSwiftPackageReference "firebase-ios-sdk" */ = {
			isa = XCRemoteSwiftPackageReference;
			repositoryURL = "https://github.com/firebase/firebase-ios-sdk";
			requirement = {
				kind = upToNextMajorVersion;
				minimumVersion = 9.0.0;
			};
		};
/* End XCRemoteSwiftPackageReference section */

/* Begin XCSwiftPackageProductDependency section */
		B714FF9B2EEF0E5900EFC25C /* FirebaseFirestore */ = {
			isa = XCSwiftPackageProductDependency;
			package = B714FF9A2EEF0E5900EFC25C /* XCRemoteSwiftPackageReference "firebase-ios-sdk" */;
			productName = FirebaseFirestore;
		};
		B7B99BA52EF86363003537F0 /* FirebaseAuth */ = {
			isa = XCSwiftPackageProductDependency;
			package = B714FF9A2EEF0E5900EFC25C /* XCRemoteSwiftPackageReference "firebase-ios-sdk" */;
			productName = FirebaseAuth;
		};
/* End XCSwiftPackageProductDependency section */
	};
	rootObject = B714FF7F2EEF0B3800EFC25C /* Project object */;
}
